
Microsoft Visual Studio Solution File, Format Version 12.00
# Visual Studio Version 16
VisualStudioVersion = 16.0.30128.74
MinimumVisualStudioVersion = 10.0.40219.1
Project("{888888A0-9F3D-457C-B088-3A5042F75D52}") = "StudyResourceExtractor", "StudyResourceExtractor\StudyResourceExtractor.pyproj", "{4C0D46E5-4742-4B79-87D1-ECED1285C690}"
EndProject
Project("{FAE04EC0-301F-11D3-BF4B-00C04F79EFBC}") = "LibraryXMLEditor", "LibraryXMLEditor\LibraryXMLEditor.csproj", "{183DC884-428B-4DC6-8799-57FD127C335C}"
EndProject
Project("{FAE04EC0-301F-11D3-BF4B-00C04F79EFBC}") = "LibraryWebCrawler", "LibraryWebCrawler\LibraryWebCrawler.csproj", "{060560C2-3F20-456F-AD16-FC4E59A9E7B7}"
EndProject
Project("{FAE04EC0-301F-11D3-BF4B-00C04F79EFBC}") = "LibraryXML", "LibraryXML\LibraryXML.csproj", "{6AB0B1E7-42CD-416D-A288-B668123D46E8}"
EndProject
Global
	GlobalSection(SolutionConfigurationPlatforms) = preSolution
		Debug|Any CPU = Debug|Any CPU
		Release|Any CPU = Release|Any CPU
	EndGlobalSection
	GlobalSection(ProjectConfigurationPlatforms) = postSolution
		{4C0D46E5-4742-4B79-87D1-ECED1285C690}.Debug|Any CPU.ActiveCfg = Debug|Any CPU
		{4C0D46E5-4742-4B79-87D1-ECED1285C690}.Release|Any CPU.ActiveCfg = Release|Any CPU
		{183DC884-428B-4DC6-8799-57FD127C335C}.Debug|Any CPU.ActiveCfg = Debug|Any CPU
		{183DC884-428B-4DC6-8799-57FD127C335C}.Debug|Any CPU.Build.0 = Debug|Any CPU
		{183DC884-428B-4DC6-8799-57FD127C335C}.Release|Any CPU.ActiveCfg = Release|Any CPU
		{183DC884-428B-4DC6-8799-57FD127C335C}.Release|Any CPU.Build.0 = Release|Any CPU
		{060560C2-3F20-456F-AD16-FC4E59A9E7B7}.Debug|Any CPU.ActiveCfg = Debug|Any CPU
		{060560C2-3F20-456F-AD16-FC4E59A9E7B7}.Debug|Any CPU.Build.0 = Debug|Any CPU
		{060560C2-3F20-456F-AD16-FC4E59A9E7B7}.Release|Any CPU.ActiveCfg = Release|Any CPU
		{060560C2-3F20-456F-AD16-FC4E59A9E7B7}.Release|Any CPU.Build.0 = Release|Any CPU
		{6AB0B1E7-42CD-416D-A288-B668123D46E8}.Debug|Any CPU.ActiveCfg = Debug|Any CPU
		{6AB0B1E7-42CD-416D-A288-B668123D46E8}.Debug|Any CPU.Build.0 = Debug|Any CPU
		{6AB0B1E7-42CD-416D-A288-B668123D46E8}.Release|Any CPU.ActiveCfg = Release|Any CPU
		{6AB0B1E7-42CD-416D-A288-B668123D46E8}.Release|Any CPU.Build.0 = Release|Any CPU
	EndGlobalSection
	GlobalSection(SolutionProperties) = preSolution
		HideSolutionNode = FALSE
	EndGlobalSection
	GlobalSection(ExtensibilityGlobals) = postSolution
		SolutionGuid = {13285D4F-0543-4CD0-B74D-5CC5CE805C9A}
	EndGlobalSection
EndGlobal
